{
  "name": "test-ajs-package",
  "version": "1.0.0",
  "lockfileVersion": 3,
  "requires": true,
  "packages": {
    "": {
      "name": "test-ajs-package",
      "version": "1.0.0",
      "license": "ISC",
      "dependencies": {
        "@ailunam/ajs": "^1.0.0"
      }
    },
    "node_modules/@ailunam/ajs": {
      "version": "1.0.0",
      "resolved": "https://npm.pkg.github.com/download/@ailunam/ajs/1.0.0/ff130b80fc13646d703db477717c261406cedc0e",
      "integrity": "sha512-kWv0cgvsjWGP6ozYmuEakWyq9mHDzvYA5QHmJ+mRenhrshgzaG2N7csRjucKaXiO3/9W/KXk2+2RJqDBALh9Hg==",
      "license": "ISC"
    }
  }
}
